
Microsoft Visual Studio Solution File, Format Version 12.00
# Visual Studio Version 16
VisualStudioVersion = 16.0.30104.148
MinimumVisualStudioVersion = 10.0.40219.1
Project("{FAE04EC0-301F-11D3-BF4B-00C04F79EFBC}") = "Calculs", "Calculs\Calculs.csproj", "{77A27436-5EE0-4E0F-ADB6-4CCF4D311177}"
EndProject
Global
	GlobalSection(SolutionConfigurationPlatforms) = preSolution
		Debug|Any CPU = Debug|Any CPU
		Release|Any CPU = Release|Any CPU
	EndGlobalSection
	GlobalSection(ProjectConfigurationPlatforms) = postSolution
		{77A27436-5EE0-4E0F-ADB6-4CCF4D311177}.Debug|Any CPU.ActiveCfg = Debug|Any CPU
		{77A27436-5EE0-4E0F-ADB6-4CCF4D311177}.Debug|Any CPU.Build.0 = Debug|Any CPU
		{77A27436-5EE0-4E0F-ADB6-4CCF4D311177}.Release|Any CPU.ActiveCfg = Release|Any CPU
		{77A27436-5EE0-4E0F-ADB6-4CCF4D311177}.Release|Any CPU.Build.0 = Release|Any CPU
	EndGlobalSection
	GlobalSection(SolutionProperties) = preSolution
		HideSolutionNode = FALSE
	EndGlobalSection
	GlobalSection(ExtensibilityGlobals) = postSolution
		SolutionGuid = {F9EB9EC5-EA6C-4703-BCC9-892A9A7F4C35}
	EndGlobalSection
EndGlobal
